
Microsoft Visual Studio Solution File, Format Version 12.00
# Visual Studio Version 18
VisualStudioVersion = 18.5.11723.231
MinimumVisualStudioVersion = 10.0.40219.1
Project("{FAE04EC0-301F-11D3-BF4B-00C04F79EFBC}") = "ResearchOrganized", "ResearchOrganized.csproj", "{DFFDA541-3D77-451F-8A3A-FB2D7A1877EB}"
EndProject
Global
	GlobalSection(SolutionConfigurationPlatforms) = preSolution
		Debug|Any CPU = Debug|Any CPU
		Release|Any CPU = Release|Any CPU
	EndGlobalSection
	GlobalSection(ProjectConfigurationPlatforms) = postSolution
		{DFFDA541-3D77-451F-8A3A-FB2D7A1877EB}.Debug|Any CPU.ActiveCfg = Debug|Any CPU
		{DFFDA541-3D77-451F-8A3A-FB2D7A1877EB}.Debug|Any CPU.Build.0 = Debug|Any CPU
		{DFFDA541-3D77-451F-8A3A-FB2D7A1877EB}.Release|Any CPU.ActiveCfg = Release|Any CPU
		{DFFDA541-3D77-451F-8A3A-FB2D7A1877EB}.Release|Any CPU.Build.0 = Release|Any CPU
	EndGlobalSection
	GlobalSection(SolutionProperties) = preSolution
		HideSolutionNode = FALSE
	EndGlobalSection
	GlobalSection(ExtensibilityGlobals) = postSolution
		SolutionGuid = {F5779ED7-0F0C-47BF-B764-F9CD92B5D22B}
	EndGlobalSection
EndGlobal
